
Microsoft Visual Studio Solution File, Format Version 12.00
# Visual Studio Version 16
VisualStudioVersion = 16.0.29609.76
MinimumVisualStudioVersion = 10.0.40219.1
Project("{2150E333-8FDC-42A3-9474-1A3956D46DE8}") = "Contracts", "Contracts", "{821AF8D6-3DF8-44C6-861D-02D5AB6F1BB7}"
EndProject
Project("{9A19103F-16F7-4668-BE54-9A1E7A4F7556}") = "Models", "Models\Models.csproj", "{A9F7B649-F4BF-43A5-BC83-FF80292B9281}"
EndProject
Project("{2150E333-8FDC-42A3-9474-1A3956D46DE8}") = "Business", "Business", "{ABB5019D-9AE1-47BE-A9AB-826012CABB4B}"
EndProject
Project("{9A19103F-16F7-4668-BE54-9A1E7A4F7556}") = "ReporterContracts", "ReporterContracts\ReporterContracts.csproj", "{2165EAF4-E7E0-4464-AFE3-3EB79A32A04E}"
EndProject
Project("{2150E333-8FDC-42A3-9474-1A3956D46DE8}") = "Dal", "Dal", "{CD8B38D3-B44B-41D7-A69B-7A0F7AC5AEA8}"
EndProject
Project("{2150E333-8FDC-42A3-9474-1A3956D46DE8}") = "UI", "UI", "{AE0F2158-2975-4DF8-B785-15AB39919350}"
EndProject
Project("{9A19103F-16F7-4668-BE54-9A1E7A4F7556}") = "Reporters", "ConsoleReporter\Reporters.csproj", "{8BE10A17-8789-41AF-8274-49A3939DF594}"
EndProject
Project("{9A19103F-16F7-4668-BE54-9A1E7A4F7556}") = "Enums", "Enums\Enums.csproj", "{5F44D928-9BDF-44B6-8C56-083693FD7EBE}"
EndProject
Project("{9A19103F-16F7-4668-BE54-9A1E7A4F7556}") = "Converters", "Converters\Converters.csproj", "{DD10A7C4-6EB5-46B0-A0E4-65B4FD4CB5A5}"
EndProject
Project("{9A19103F-16F7-4668-BE54-9A1E7A4F7556}") = "ConverterContracts", "ConverterContracts\ConverterContracts.csproj", "{DAA5F477-E7E6-460D-A05D-18D4243EFB22}"
EndProject
Project("{9A19103F-16F7-4668-BE54-9A1E7A4F7556}") = "ConsoleUserInterface", "UI\ConsoleUserInterface.csproj", "{090E5E28-CB11-4E2B-9A26-E0A6804BE675}"
EndProject
Project("{9A19103F-16F7-4668-BE54-9A1E7A4F7556}") = "Repositories", "Dal\Repositories.csproj", "{1EBA8B2F-C096-4E86-BCE9-F4B22E674DC0}"
EndProject
Project("{FAE04EC0-301F-11D3-BF4B-00C04F79EFBC}") = "RepositoryContracts", "RepositoryContracts\RepositoryContracts.csproj", "{77AC8A09-248B-4DA4-82E4-B2BFC26B7DE7}"
EndProject
Project("{FAE04EC0-301F-11D3-BF4B-00C04F79EFBC}") = "ServiceContracts", "ServiceContracts\ServiceContracts.csproj", "{7502AB06-669B-4C47-AAFC-A2DB4D981BFA}"
EndProject
Project("{FAE04EC0-301F-11D3-BF4B-00C04F79EFBC}") = "FinanceAnalizer", "FinanceAnalizer\FinanceAnalizer.csproj", "{CF6DFF04-14F3-4E46-B455-EB7ADA9D14D3}"
EndProject
Project("{FAE04EC0-301F-11D3-BF4B-00C04F79EFBC}") = "Services", "Services\Services.csproj", "{B1E9C4CA-9736-4152-AAE0-4E6A482AA63F}"
EndProject
Global
	GlobalSection(SolutionConfigurationPlatforms) = preSolution
		Debug|Any CPU = Debug|Any CPU
		Release|Any CPU = Release|Any CPU
	EndGlobalSection
	GlobalSection(ProjectConfigurationPlatforms) = postSolution
		{A9F7B649-F4BF-43A5-BC83-FF80292B9281}.Debug|Any CPU.ActiveCfg = Debug|Any CPU
		{A9F7B649-F4BF-43A5-BC83-FF80292B9281}.Debug|Any CPU.Build.0 = Debug|Any CPU
		{A9F7B649-F4BF-43A5-BC83-FF80292B9281}.Release|Any CPU.ActiveCfg = Release|Any CPU
		{A9F7B649-F4BF-43A5-BC83-FF80292B9281}.Release|Any CPU.Build.0 = Release|Any CPU
		{2165EAF4-E7E0-4464-AFE3-3EB79A32A04E}.Debug|Any CPU.ActiveCfg = Debug|Any CPU
		{2165EAF4-E7E0-4464-AFE3-3EB79A32A04E}.Debug|Any CPU.Build.0 = Debug|Any CPU
		{2165EAF4-E7E0-4464-AFE3-3EB79A32A04E}.Release|Any CPU.ActiveCfg = Release|Any CPU
		{2165EAF4-E7E0-4464-AFE3-3EB79A32A04E}.Release|Any CPU.Build.0 = Release|Any CPU
		{8BE10A17-8789-41AF-8274-49A3939DF594}.Debug|Any CPU.ActiveCfg = Debug|Any CPU
		{8BE10A17-8789-41AF-8274-49A3939DF594}.Debug|Any CPU.Build.0 = Debug|Any CPU
		{8BE10A17-8789-41AF-8274-49A3939DF594}.Release|Any CPU.ActiveCfg = Release|Any CPU
		{8BE10A17-8789-41AF-8274-49A3939DF594}.Release|Any CPU.Build.0 = Release|Any CPU
		{5F44D928-9BDF-44B6-8C56-083693FD7EBE}.Debug|Any CPU.ActiveCfg = Debug|Any CPU
		{5F44D928-9BDF-44B6-8C56-083693FD7EBE}.Debug|Any CPU.Build.0 = Debug|Any CPU
		{5F44D928-9BDF-44B6-8C56-083693FD7EBE}.Release|Any CPU.ActiveCfg = Release|Any CPU
		{5F44D928-9BDF-44B6-8C56-083693FD7EBE}.Release|Any CPU.Build.0 = Release|Any CPU
		{DD10A7C4-6EB5-46B0-A0E4-65B4FD4CB5A5}.Debug|Any CPU.ActiveCfg = Debug|Any CPU
		{DD10A7C4-6EB5-46B0-A0E4-65B4FD4CB5A5}.Debug|Any CPU.Build.0 = Debug|Any CPU
		{DD10A7C4-6EB5-46B0-A0E4-65B4FD4CB5A5}.Release|Any CPU.ActiveCfg = Release|Any CPU
		{DD10A7C4-6EB5-46B0-A0E4-65B4FD4CB5A5}.Release|Any CPU.Build.0 = Release|Any CPU
		{DAA5F477-E7E6-460D-A05D-18D4243EFB22}.Debug|Any CPU.ActiveCfg = Debug|Any CPU
		{DAA5F477-E7E6-460D-A05D-18D4243EFB22}.Debug|Any CPU.Build.0 = Debug|Any CPU
		{DAA5F477-E7E6-460D-A05D-18D4243EFB22}.Release|Any CPU.ActiveCfg = Release|Any CPU
		{DAA5F477-E7E6-460D-A05D-18D4243EFB22}.Release|Any CPU.Build.0 = Release|Any CPU
		{090E5E28-CB11-4E2B-9A26-E0A6804BE675}.Debug|Any CPU.ActiveCfg = Debug|Any CPU
		{090E5E28-CB11-4E2B-9A26-E0A6804BE675}.Debug|Any CPU.Build.0 = Debug|Any CPU
		{090E5E28-CB11-4E2B-9A26-E0A6804BE675}.Release|Any CPU.ActiveCfg = Release|Any CPU
		{090E5E28-CB11-4E2B-9A26-E0A6804BE675}.Release|Any CPU.Build.0 = Release|Any CPU
		{1EBA8B2F-C096-4E86-BCE9-F4B22E674DC0}.Debug|Any CPU.ActiveCfg = Debug|Any CPU
		{1EBA8B2F-C096-4E86-BCE9-F4B22E674DC0}.Debug|Any CPU.Build.0 = Debug|Any CPU
		{1EBA8B2F-C096-4E86-BCE9-F4B22E674DC0}.Release|Any CPU.ActiveCfg = Release|Any CPU
		{1EBA8B2F-C096-4E86-BCE9-F4B22E674DC0}.Release|Any CPU.Build.0 = Release|Any CPU
		{77AC8A09-248B-4DA4-82E4-B2BFC26B7DE7}.Debug|Any CPU.ActiveCfg = Debug|Any CPU
		{77AC8A09-248B-4DA4-82E4-B2BFC26B7DE7}.Debug|Any CPU.Build.0 = Debug|Any CPU
		{77AC8A09-248B-4DA4-82E4-B2BFC26B7DE7}.Release|Any CPU.ActiveCfg = Release|Any CPU
		{77AC8A09-248B-4DA4-82E4-B2BFC26B7DE7}.Release|Any CPU.Build.0 = Release|Any CPU
		{7502AB06-669B-4C47-AAFC-A2DB4D981BFA}.Debug|Any CPU.ActiveCfg = Debug|Any CPU
		{7502AB06-669B-4C47-AAFC-A2DB4D981BFA}.Debug|Any CPU.Build.0 = Debug|Any CPU
		{7502AB06-669B-4C47-AAFC-A2DB4D981BFA}.Release|Any CPU.ActiveCfg = Release|Any CPU
		{7502AB06-669B-4C47-AAFC-A2DB4D981BFA}.Release|Any CPU.Build.0 = Release|Any CPU
		{CF6DFF04-14F3-4E46-B455-EB7ADA9D14D3}.Debug|Any CPU.ActiveCfg = Debug|Any CPU
		{CF6DFF04-14F3-4E46-B455-EB7ADA9D14D3}.Debug|Any CPU.Build.0 = Debug|Any CPU
		{CF6DFF04-14F3-4E46-B455-EB7ADA9D14D3}.Release|Any CPU.ActiveCfg = Release|Any CPU
		{CF6DFF04-14F3-4E46-B455-EB7ADA9D14D3}.Release|Any CPU.Build.0 = Release|Any CPU
		{B1E9C4CA-9736-4152-AAE0-4E6A482AA63F}.Debug|Any CPU.ActiveCfg = Debug|Any CPU
		{B1E9C4CA-9736-4152-AAE0-4E6A482AA63F}.Debug|Any CPU.Build.0 = Debug|Any CPU
		{B1E9C4CA-9736-4152-AAE0-4E6A482AA63F}.Release|Any CPU.ActiveCfg = Release|Any CPU
		{B1E9C4CA-9736-4152-AAE0-4E6A482AA63F}.Release|Any CPU.Build.0 = Release|Any CPU
	EndGlobalSection
	GlobalSection(SolutionProperties) = preSolution
		HideSolutionNode = FALSE
	EndGlobalSection
	GlobalSection(NestedProjects) = preSolution
		{A9F7B649-F4BF-43A5-BC83-FF80292B9281} = {821AF8D6-3DF8-44C6-861D-02D5AB6F1BB7}
		{2165EAF4-E7E0-4464-AFE3-3EB79A32A04E} = {821AF8D6-3DF8-44C6-861D-02D5AB6F1BB7}
		{8BE10A17-8789-41AF-8274-49A3939DF594} = {ABB5019D-9AE1-47BE-A9AB-826012CABB4B}
		{5F44D928-9BDF-44B6-8C56-083693FD7EBE} = {821AF8D6-3DF8-44C6-861D-02D5AB6F1BB7}
		{DD10A7C4-6EB5-46B0-A0E4-65B4FD4CB5A5} = {ABB5019D-9AE1-47BE-A9AB-826012CABB4B}
		{DAA5F477-E7E6-460D-A05D-18D4243EFB22} = {821AF8D6-3DF8-44C6-861D-02D5AB6F1BB7}
		{090E5E28-CB11-4E2B-9A26-E0A6804BE675} = {AE0F2158-2975-4DF8-B785-15AB39919350}
		{1EBA8B2F-C096-4E86-BCE9-F4B22E674DC0} = {CD8B38D3-B44B-41D7-A69B-7A0F7AC5AEA8}
		{77AC8A09-248B-4DA4-82E4-B2BFC26B7DE7} = {821AF8D6-3DF8-44C6-861D-02D5AB6F1BB7}
		{7502AB06-669B-4C47-AAFC-A2DB4D981BFA} = {821AF8D6-3DF8-44C6-861D-02D5AB6F1BB7}
		{CF6DFF04-14F3-4E46-B455-EB7ADA9D14D3} = {ABB5019D-9AE1-47BE-A9AB-826012CABB4B}
		{B1E9C4CA-9736-4152-AAE0-4E6A482AA63F} = {ABB5019D-9AE1-47BE-A9AB-826012CABB4B}
	EndGlobalSection
	GlobalSection(ExtensibilityGlobals) = postSolution
		SolutionGuid = {878EEB92-B564-4ABE-A0E1-C1490FE65D2F}
	EndGlobalSection
EndGlobal
