
Microsoft Visual Studio Solution File, Format Version 12.00
# Visual Studio Version 16
VisualStudioVersion = 16.0.29609.76
MinimumVisualStudioVersion = 10.0.40219.1
Project("{9A19103F-16F7-4668-BE54-9A1E7A4F7556}") = "Client", "Client\Client.csproj", "{E95322BE-5CAE-45D6-B47F-04DBE58F8982}"
EndProject
Project("{9A19103F-16F7-4668-BE54-9A1E7A4F7556}") = "ApplicationStarter", "ApplicationStarter\ApplicationStarter.csproj", "{C2FC9E7A-7686-4E86-BD7E-A52F2C2C80C9}"
EndProject
Project("{2150E333-8FDC-42A3-9474-1A3956D46DE8}") = "Contracts", "Contracts", "{9B65E9B2-C5EB-4A8B-A9E0-F57C76B57C11}"
EndProject
Project("{2150E333-8FDC-42A3-9474-1A3956D46DE8}") = "Business", "Business", "{FF82779B-F54F-4493-9691-041DE319FFCF}"
EndProject
Project("{2150E333-8FDC-42A3-9474-1A3956D46DE8}") = "DataAccess", "DataAccess", "{AAE69F41-2FE7-45D8-9ECF-FF97E4AF0B4C}"
EndProject
Project("{9A19103F-16F7-4668-BE54-9A1E7A4F7556}") = "DalContracts", "DalContracts\DalContracts.csproj", "{ABB626D9-5F72-4AD8-8D6A-C16869B039CA}"
EndProject
Project("{9A19103F-16F7-4668-BE54-9A1E7A4F7556}") = "ServicesContracts", "ServicesContracts\ServicesContracts.csproj", "{92757827-40C0-4651-8D63-AA6F88C200F4}"
EndProject
Global
	GlobalSection(SolutionConfigurationPlatforms) = preSolution
		Debug|Any CPU = Debug|Any CPU
		Release|Any CPU = Release|Any CPU
	EndGlobalSection
	GlobalSection(ProjectConfigurationPlatforms) = postSolution
		{E95322BE-5CAE-45D6-B47F-04DBE58F8982}.Debug|Any CPU.ActiveCfg = Debug|Any CPU
		{E95322BE-5CAE-45D6-B47F-04DBE58F8982}.Debug|Any CPU.Build.0 = Debug|Any CPU
		{E95322BE-5CAE-45D6-B47F-04DBE58F8982}.Release|Any CPU.ActiveCfg = Release|Any CPU
		{E95322BE-5CAE-45D6-B47F-04DBE58F8982}.Release|Any CPU.Build.0 = Release|Any CPU
		{C2FC9E7A-7686-4E86-BD7E-A52F2C2C80C9}.Debug|Any CPU.ActiveCfg = Debug|Any CPU
		{C2FC9E7A-7686-4E86-BD7E-A52F2C2C80C9}.Debug|Any CPU.Build.0 = Debug|Any CPU
		{C2FC9E7A-7686-4E86-BD7E-A52F2C2C80C9}.Release|Any CPU.ActiveCfg = Release|Any CPU
		{C2FC9E7A-7686-4E86-BD7E-A52F2C2C80C9}.Release|Any CPU.Build.0 = Release|Any CPU
		{ABB626D9-5F72-4AD8-8D6A-C16869B039CA}.Debug|Any CPU.ActiveCfg = Debug|Any CPU
		{ABB626D9-5F72-4AD8-8D6A-C16869B039CA}.Debug|Any CPU.Build.0 = Debug|Any CPU
		{ABB626D9-5F72-4AD8-8D6A-C16869B039CA}.Release|Any CPU.ActiveCfg = Release|Any CPU
		{ABB626D9-5F72-4AD8-8D6A-C16869B039CA}.Release|Any CPU.Build.0 = Release|Any CPU
		{92757827-40C0-4651-8D63-AA6F88C200F4}.Debug|Any CPU.ActiveCfg = Debug|Any CPU
		{92757827-40C0-4651-8D63-AA6F88C200F4}.Debug|Any CPU.Build.0 = Debug|Any CPU
		{92757827-40C0-4651-8D63-AA6F88C200F4}.Release|Any CPU.ActiveCfg = Release|Any CPU
		{92757827-40C0-4651-8D63-AA6F88C200F4}.Release|Any CPU.Build.0 = Release|Any CPU
	EndGlobalSection
	GlobalSection(SolutionProperties) = preSolution
		HideSolutionNode = FALSE
	EndGlobalSection
	GlobalSection(NestedProjects) = preSolution
		{ABB626D9-5F72-4AD8-8D6A-C16869B039CA} = {9B65E9B2-C5EB-4A8B-A9E0-F57C76B57C11}
		{92757827-40C0-4651-8D63-AA6F88C200F4} = {9B65E9B2-C5EB-4A8B-A9E0-F57C76B57C11}
	EndGlobalSection
	GlobalSection(ExtensibilityGlobals) = postSolution
		SolutionGuid = {06E1E350-A5E7-4F87-B781-95C000A162C2}
	EndGlobalSection
EndGlobal
